
Microsoft Visual Studio Solution File, Format Version 12.00
# Visual Studio Version 17
VisualStudioVersion = 17.3.32825.248
MinimumVisualStudioVersion = 10.0.40219.1
Project("{FAE04EC0-301F-11D3-BF4B-00C04F79EFBC}") = "InventoryManage", "InventoryManage\InventoryManage.csproj", "{C3D82897-9C8E-4936-B4F1-725D8713470F}"
EndProject
Global
	GlobalSection(SolutionConfigurationPlatforms) = preSolution
		Debug|Any CPU = Debug|Any CPU
		Release|Any CPU = Release|Any CPU
	EndGlobalSection
	GlobalSection(ProjectConfigurationPlatforms) = postSolution
		{C3D82897-9C8E-4936-B4F1-725D8713470F}.Debug|Any CPU.ActiveCfg = Debug|Any CPU
		{C3D82897-9C8E-4936-B4F1-725D8713470F}.Debug|Any CPU.Build.0 = Debug|Any CPU
		{C3D82897-9C8E-4936-B4F1-725D8713470F}.Release|Any CPU.ActiveCfg = Release|Any CPU
		{C3D82897-9C8E-4936-B4F1-725D8713470F}.Release|Any CPU.Build.0 = Release|Any CPU
	EndGlobalSection
	GlobalSection(SolutionProperties) = preSolution
		HideSolutionNode = FALSE
	EndGlobalSection
	GlobalSection(ExtensibilityGlobals) = postSolution
		SolutionGuid = {719B920F-C158-4A1F-9AE3-D4B74CFC6894}
	EndGlobalSection
EndGlobal
